
Microsoft Visual Studio Solution File, Format Version 12.00
# Visual Studio 14
VisualStudioVersion = 14.0.25420.1
MinimumVisualStudioVersion = 10.0.40219.1
Project("{FAE04EC0-301F-11D3-BF4B-00C04F79EFBC}") = "SvcWrapper", "..\SvcWrapper\SvcWrapper.csproj", "{56F9C36B-FAAB-492D-A139-4AA26F61B10C}"
EndProject
Project("{FAE04EC0-301F-11D3-BF4B-00C04F79EFBC}") = "SvcList", "..\SvcList\SvcList.csproj", "{9229F474-5270-4DE2-ADF2-644D4493715F}"
EndProject
Project("{FAE04EC0-301F-11D3-BF4B-00C04F79EFBC}") = "SvcInstall", "..\svcinstall\SvcInstall.csproj", "{352F43FE-22D8-48C4-A0D5-E8EE84CB0115}"
EndProject
Global
	GlobalSection(SolutionConfigurationPlatforms) = preSolution
		Debug|Any CPU = Debug|Any CPU
		Release|Any CPU = Release|Any CPU
	EndGlobalSection
	GlobalSection(ProjectConfigurationPlatforms) = postSolution
		{56F9C36B-FAAB-492D-A139-4AA26F61B10C}.Debug|Any CPU.ActiveCfg = Debug|Any CPU
		{56F9C36B-FAAB-492D-A139-4AA26F61B10C}.Debug|Any CPU.Build.0 = Debug|Any CPU
		{56F9C36B-FAAB-492D-A139-4AA26F61B10C}.Release|Any CPU.ActiveCfg = Release|Any CPU
		{56F9C36B-FAAB-492D-A139-4AA26F61B10C}.Release|Any CPU.Build.0 = Release|Any CPU
		{9229F474-5270-4DE2-ADF2-644D4493715F}.Debug|Any CPU.ActiveCfg = Debug|Any CPU
		{9229F474-5270-4DE2-ADF2-644D4493715F}.Debug|Any CPU.Build.0 = Debug|Any CPU
		{9229F474-5270-4DE2-ADF2-644D4493715F}.Release|Any CPU.ActiveCfg = Release|Any CPU
		{9229F474-5270-4DE2-ADF2-644D4493715F}.Release|Any CPU.Build.0 = Release|Any CPU
		{352F43FE-22D8-48C4-A0D5-E8EE84CB0115}.Debug|Any CPU.ActiveCfg = Debug|Any CPU
		{352F43FE-22D8-48C4-A0D5-E8EE84CB0115}.Debug|Any CPU.Build.0 = Debug|Any CPU
		{352F43FE-22D8-48C4-A0D5-E8EE84CB0115}.Release|Any CPU.ActiveCfg = Release|Any CPU
		{352F43FE-22D8-48C4-A0D5-E8EE84CB0115}.Release|Any CPU.Build.0 = Release|Any CPU
	EndGlobalSection
	GlobalSection(SolutionProperties) = preSolution
		HideSolutionNode = FALSE
	EndGlobalSection
EndGlobal
